// !$*UTF8*$!
{
	archiveVersion = 1;
	classes = {
	};
	objectVersion = 56;
	objects = {

/* Begin PBXBuildFile section */
		86992EC52BA40C3E00322DC3 /* AppDelegate.swift in Sources */ = {isa = PBXBuildFile; fileRef = 86992EC42BA40C3E00322DC3 /* AppDelegate.swift */; };
		86992EC72BA40C3E00322DC3 /* SceneDelegate.swift in Sources */ = {isa = PBXBuildFile; fileRef = 86992EC62BA40C3E00322DC3 /* SceneDelegate.swift */; };
		86992EC92BA40C3E00322DC3 /* ViewController.swift in Sources */ = {isa = PBXBuildFile; fileRef = 86992EC82BA40C3E00322DC3 /* ViewController.swift */; };
		86992ECE2BA40C4000322DC3 /* Assets.xcassets in Resources */ = {isa = PBXBuildFile; fileRef = 86992ECD2BA40C4000322DC3 /* Assets.xcassets */; };
		86992ED12BA40C4000322DC3 /* LaunchScreen.storyboard in Resources */ = {isa = PBXBuildFile; fileRef = 86992ECF2BA40C4000322DC3 /* LaunchScreen.storyboard */; };
		86992EDA2BA4211600322DC3 /* SnapKit in Frameworks */ = {isa = PBXBuildFile; productRef = 86992ED92BA4211600322DC3 /* SnapKit */; };
		86992EDC2BA4211600322DC3 /* SnapKit-Dynamic in Frameworks */ = {isa = PBXBuildFile; productRef = 86992EDB2BA4211600322DC3 /* SnapKit-Dynamic */; };
		86992EDF2BA4213300322DC3 /* RxBlocking in Frameworks */ = {isa = PBXBuildFile; productRef = 86992EDE2BA4213300322DC3 /* RxBlocking */; };
		86992EE12BA4213300322DC3 /* RxBlocking-Dynamic in Frameworks */ = {isa = PBXBuildFile; productRef = 86992EE02BA4213300322DC3 /* RxBlocking-Dynamic */; };
		86992EE32BA4213300322DC3 /* RxCocoa in Frameworks */ = {isa = PBXBuildFile; productRef = 86992EE22BA4213300322DC3 /* RxCocoa */; };
		86992EE52BA4213300322DC3 /* RxCocoa-Dynamic in Frameworks */ = {isa = PBXBuildFile; productRef = 86992EE42BA4213300322DC3 /* RxCocoa-Dynamic */; };
		86992EE72BA4213300322DC3 /* RxRelay in Frameworks */ = {isa = PBXBuildFile; productRef = 86992EE62BA4213300322DC3 /* RxRelay */; };
		86992EEA2BA4214400322DC3 /* OpenAI in Frameworks */ = {isa = PBXBuildFile; productRef = 86992EE92BA4214400322DC3 /* OpenAI */; };
		86992EED2BA4220800322DC3 /* RxFlow in Frameworks */ = {isa = PBXBuildFile; productRef = 86992EEC2BA4220800322DC3 /* RxFlow */; };
		86992EF72BA4256D00322DC3 /* Services.swift in Sources */ = {isa = PBXBuildFile; fileRef = 86992EF62BA4256D00322DC3 /* Services.swift */; };
		86992EF92BA4257800322DC3 /* Entities.swift in Sources */ = {isa = PBXBuildFile; fileRef = 86992EF82BA4257800322DC3 /* Entities.swift */; };
		86992EFB2BA4258000322DC3 /* ViewModels.swift in Sources */ = {isa = PBXBuildFile; fileRef = 86992EFA2BA4258000322DC3 /* ViewModels.swift */; };
		86992F2B2BA6D9FD00322DC3 /* AppSteps.swift in Sources */ = {isa = PBXBuildFile; fileRef = 86992F2A2BA6D9FD00322DC3 /* AppSteps.swift */; };
		86992F2D2BA6DA5300322DC3 /* AppStepper.swift in Sources */ = {isa = PBXBuildFile; fileRef = 86992F2C2BA6DA5300322DC3 /* AppStepper.swift */; };
		86992F2F2BA6DB6700322DC3 /* AppFlow.swift in Sources */ = {isa = PBXBuildFile; fileRef = 86992F2E2BA6DB6700322DC3 /* AppFlow.swift */; };
		86992F312BA6DD9C00322DC3 /* LeftoverFlow.swift in Sources */ = {isa = PBXBuildFile; fileRef = 86992F302BA6DD9C00322DC3 /* LeftoverFlow.swift */; };
		86992F332BA6DEB600322DC3 /* TestViewModel.swift in Sources */ = {isa = PBXBuildFile; fileRef = 86992F322BA6DEB600322DC3 /* TestViewModel.swift */; };
		86992F352BA6DF1900322DC3 /* DetailViewController.swift in Sources */ = {isa = PBXBuildFile; fileRef = 86992F342BA6DF1900322DC3 /* DetailViewController.swift */; };
		86992F382BA6E42900322DC3 /* Then in Frameworks */ = {isa = PBXBuildFile; productRef = 86992F372BA6E42900322DC3 /* Then */; };
		86992F3A2BA6E47300322DC3 /* DetailViewModel.swift in Sources */ = {isa = PBXBuildFile; fileRef = 86992F392BA6E47300322DC3 /* DetailViewModel.swift */; };
		86992F4C2BA7058A00322DC3 /* Reusable in Frameworks */ = {isa = PBXBuildFile; productRef = 86992F4B2BA7058A00322DC3 /* Reusable */; };
		86992F4F2BA813F100322DC3 /* LeftoverStep.swift in Sources */ = {isa = PBXBuildFile; fileRef = 86992F4E2BA813F100322DC3 /* LeftoverStep.swift */; };
/* End PBXBuildFile section */

/* Begin PBXFileReference section */
		86992EC12BA40C3E00322DC3 /* Dinner.app */ = {isa = PBXFileReference; explicitFileType = wrapper.application; includeInIndex = 0; path = Dinner.app; sourceTree = BUILT_PRODUCTS_DIR; };
		86992EC42BA40C3E00322DC3 /* AppDelegate.swift */ = {isa = PBXFileReference; lastKnownFileType = sourcecode.swift; path = AppDelegate.swift; sourceTree = "<group>"; };
		86992EC62BA40C3E00322DC3 /* SceneDelegate.swift */ = {isa = PBXFileReference; lastKnownFileType = sourcecode.swift; path = SceneDelegate.swift; sourceTree = "<group>"; };
		86992EC82BA40C3E00322DC3 /* ViewController.swift */ = {isa = PBXFileReference; lastKnownFileType = sourcecode.swift; path = ViewController.swift; sourceTree = "<group>"; };
		86992ECD2BA40C4000322DC3 /* Assets.xcassets */ = {isa = PBXFileReference; lastKnownFileType = folder.assetcatalog; path = Assets.xcassets; sourceTree = "<group>"; };
		86992ED02BA40C4000322DC3 /* Base */ = {isa = PBXFileReference; lastKnownFileType = file.storyboard; name = Base; path = Base.lproj/LaunchScreen.storyboard; sourceTree = "<group>"; };
		86992ED22BA40C4000322DC3 /* Info.plist */ = {isa = PBXFileReference; lastKnownFileType = text.plist.xml; path = Info.plist; sourceTree = "<group>"; };
		86992EF62BA4256D00322DC3 /* Services.swift */ = {isa = PBXFileReference; lastKnownFileType = sourcecode.swift; path = Services.swift; sourceTree = "<group>"; };
		86992EF82BA4257800322DC3 /* Entities.swift */ = {isa = PBXFileReference; lastKnownFileType = sourcecode.swift; path = Entities.swift; sourceTree = "<group>"; };
		86992EFA2BA4258000322DC3 /* ViewModels.swift */ = {isa = PBXFileReference; lastKnownFileType = sourcecode.swift; path = ViewModels.swift; sourceTree = "<group>"; };
		86992F2A2BA6D9FD00322DC3 /* AppSteps.swift */ = {isa = PBXFileReference; lastKnownFileType = sourcecode.swift; path = AppSteps.swift; sourceTree = "<group>"; };
		86992F2C2BA6DA5300322DC3 /* AppStepper.swift */ = {isa = PBXFileReference; lastKnownFileType = sourcecode.swift; path = AppStepper.swift; sourceTree = "<group>"; };
		86992F2E2BA6DB6700322DC3 /* AppFlow.swift */ = {isa = PBXFileReference; lastKnownFileType = sourcecode.swift; path = AppFlow.swift; sourceTree = "<group>"; };
		86992F302BA6DD9C00322DC3 /* LeftoverFlow.swift */ = {isa = PBXFileReference; lastKnownFileType = sourcecode.swift; path = LeftoverFlow.swift; sourceTree = "<group>"; };
		86992F322BA6DEB600322DC3 /* TestViewModel.swift */ = {isa = PBXFileReference; lastKnownFileType = sourcecode.swift; path = TestViewModel.swift; sourceTree = "<group>"; };
		86992F342BA6DF1900322DC3 /* DetailViewController.swift */ = {isa = PBXFileReference; lastKnownFileType = sourcecode.swift; path = DetailViewController.swift; sourceTree = "<group>"; };
		86992F392BA6E47300322DC3 /* DetailViewModel.swift */ = {isa = PBXFileReference; lastKnownFileType = sourcecode.swift; path = DetailViewModel.swift; sourceTree = "<group>"; };
		86992F4E2BA813F100322DC3 /* LeftoverStep.swift */ = {isa = PBXFileReference; lastKnownFileType = sourcecode.swift; path = LeftoverStep.swift; sourceTree = "<group>"; };
/* End PBXFileReference section */

/* Begin PBXFrameworksBuildPhase section */
		86992EBE2BA40C3E00322DC3 /* Frameworks */ = {
			isa = PBXFrameworksBuildPhase;
			buildActionMask = 2147483647;
			files = (
				86992EDA2BA4211600322DC3 /* SnapKit in Frameworks */,
				86992EDF2BA4213300322DC3 /* RxBlocking in Frameworks */,
				86992EEA2BA4214400322DC3 /* OpenAI in Frameworks */,
				86992EED2BA4220800322DC3 /* RxFlow in Frameworks */,
				86992EE72BA4213300322DC3 /* RxRelay in Frameworks */,
				86992F382BA6E42900322DC3 /* Then in Frameworks */,
				86992EE32BA4213300322DC3 /* RxCocoa in Frameworks */,
				86992EDC2BA4211600322DC3 /* SnapKit-Dynamic in Frameworks */,
				86992EE52BA4213300322DC3 /* RxCocoa-Dynamic in Frameworks */,
				86992EE12BA4213300322DC3 /* RxBlocking-Dynamic in Frameworks */,
				86992F4C2BA7058A00322DC3 /* Reusable in Frameworks */,
			);
			runOnlyForDeploymentPostprocessing = 0;
		};
/* End PBXFrameworksBuildPhase section */

/* Begin PBXGroup section */
		86992EB82BA40C3E00322DC3 = {
			isa = PBXGroup;
			children = (
				86992EC32BA40C3E00322DC3 /* Dinner */,
				86992EC22BA40C3E00322DC3 /* Products */,
			);
			sourceTree = "<group>";
		};
		86992EC22BA40C3E00322DC3 /* Products */ = {
			isa = PBXGroup;
			children = (
				86992EC12BA40C3E00322DC3 /* Dinner.app */,
			);
			name = Products;
			sourceTree = "<group>";
		};
		86992EC32BA40C3E00322DC3 /* Dinner */ = {
			isa = PBXGroup;
			children = (
				86992EC42BA40C3E00322DC3 /* AppDelegate.swift */,
				86992EC62BA40C3E00322DC3 /* SceneDelegate.swift */,
				86992EEE2BA422A700322DC3 /* Entirties */,
				86992EF22BA422E200322DC3 /* Services */,
				86992EF12BA422D700322DC3 /* Coordinators */,
				86992EF02BA422D100322DC3 /* ViewModels */,
				86992EEF2BA422CA00322DC3 /* Views */,
				86992ECD2BA40C4000322DC3 /* Assets.xcassets */,
				86992ECF2BA40C4000322DC3 /* LaunchScreen.storyboard */,
				86992ED22BA40C4000322DC3 /* Info.plist */,
			);
			path = Dinner;
			sourceTree = "<group>";
		};
		86992EEE2BA422A700322DC3 /* Entirties */ = {
			isa = PBXGroup;
			children = (
				86992EF82BA4257800322DC3 /* Entities.swift */,
			);
			path = Entirties;
			sourceTree = "<group>";
		};
		86992EEF2BA422CA00322DC3 /* Views */ = {
			isa = PBXGroup;
			children = (
				86992EC82BA40C3E00322DC3 /* ViewController.swift */,
				86992F342BA6DF1900322DC3 /* DetailViewController.swift */,
			);
			path = Views;
			sourceTree = "<group>";
		};
		86992EF02BA422D100322DC3 /* ViewModels */ = {
			isa = PBXGroup;
			children = (
				86992EFA2BA4258000322DC3 /* ViewModels.swift */,
				86992F322BA6DEB600322DC3 /* TestViewModel.swift */,
				86992F392BA6E47300322DC3 /* DetailViewModel.swift */,
			);
			path = ViewModels;
			sourceTree = "<group>";
		};
		86992EF12BA422D700322DC3 /* Coordinators */ = {
			isa = PBXGroup;
			children = (
				86992F502BA8275E00322DC3 /* LeftoverFlow */,
				86992F4D2BA7C39100322DC3 /* AppFlow */,
			);
			path = Coordinators;
			sourceTree = "<group>";
		};
		86992EF22BA422E200322DC3 /* Services */ = {
			isa = PBXGroup;
			children = (
				86992EF62BA4256D00322DC3 /* Services.swift */,
			);
			path = Services;
			sourceTree = "<group>";
		};
		86992F4D2BA7C39100322DC3 /* AppFlow */ = {
			isa = PBXGroup;
			children = (
				86992F2C2BA6DA5300322DC3 /* AppStepper.swift */,
				86992F2E2BA6DB6700322DC3 /* AppFlow.swift */,
				86992F2A2BA6D9FD00322DC3 /* AppSteps.swift */,
			);
			path = AppFlow;
			sourceTree = "<group>";
		};
		86992F502BA8275E00322DC3 /* LeftoverFlow */ = {
			isa = PBXGroup;
			children = (
				86992F4E2BA813F100322DC3 /* LeftoverStep.swift */,
				86992F302BA6DD9C00322DC3 /* LeftoverFlow.swift */,
			);
			path = LeftoverFlow;
			sourceTree = "<group>";
		};
/* End PBXGroup section */

/* Begin PBXNativeTarget section */
		86992EC02BA40C3E00322DC3 /* Dinner */ = {
			isa = PBXNativeTarget;
			buildConfigurationList = 86992ED52BA40C4000322DC3 /* Build configuration list for PBXNativeTarget "Dinner" */;
			buildPhases = (
				86992EBD2BA40C3E00322DC3 /* Sources */,
				86992EBE2BA40C3E00322DC3 /* Frameworks */,
				86992EBF2BA40C3E00322DC3 /* Resources */,
			);
			buildRules = (
			);
			dependencies = (
			);
			name = Dinner;
			packageProductDependencies = (
				86992ED92BA4211600322DC3 /* SnapKit */,
				86992EDB2BA4211600322DC3 /* SnapKit-Dynamic */,
				86992EDE2BA4213300322DC3 /* RxBlocking */,
				86992EE02BA4213300322DC3 /* RxBlocking-Dynamic */,
				86992EE22BA4213300322DC3 /* RxCocoa */,
				86992EE42BA4213300322DC3 /* RxCocoa-Dynamic */,
				86992EE62BA4213300322DC3 /* RxRelay */,
				86992EE92BA4214400322DC3 /* OpenAI */,
				86992EEC2BA4220800322DC3 /* RxFlow */,
				86992F372BA6E42900322DC3 /* Then */,
				86992F4B2BA7058A00322DC3 /* Reusable */,
			);
			productName = TestProject;
			productReference = 86992EC12BA40C3E00322DC3 /* Dinner.app */;
			productType = "com.apple.product-type.application";
		};
/* End PBXNativeTarget section */

/* Begin PBXProject section */
		86992EB92BA40C3E00322DC3 /* Project object */ = {
			isa = PBXProject;
			attributes = {
				BuildIndependentTargetsInParallel = 1;
				LastSwiftUpdateCheck = 1500;
				LastUpgradeCheck = 1500;
				TargetAttributes = {
					86992EC02BA40C3E00322DC3 = {
						CreatedOnToolsVersion = 15.0.1;
					};
				};
			};
			buildConfigurationList = 86992EBC2BA40C3E00322DC3 /* Build configuration list for PBXProject "Dinner" */;
			compatibilityVersion = "Xcode 14.0";
			developmentRegion = en;
			hasScannedForEncodings = 0;
			knownRegions = (
				en,
				Base,
			);
			mainGroup = 86992EB82BA40C3E00322DC3;
			packageReferences = (
				86992ED82BA4211600322DC3 /* XCRemoteSwiftPackageReference "SnapKit" */,
				86992EDD2BA4213300322DC3 /* XCRemoteSwiftPackageReference "RxSwift" */,
				86992EE82BA4214400322DC3 /* XCRemoteSwiftPackageReference "OpenAI" */,
				86992EEB2BA4220800322DC3 /* XCRemoteSwiftPackageReference "RxFlow" */,
				86992F362BA6E42900322DC3 /* XCRemoteSwiftPackageReference "Then" */,
				86992F4A2BA7058A00322DC3 /* XCRemoteSwiftPackageReference "Reusable" */,
			);
			productRefGroup = 86992EC22BA40C3E00322DC3 /* Products */;
			projectDirPath = "";
			projectRoot = "";
			targets = (
				86992EC02BA40C3E00322DC3 /* Dinner */,
			);
		};
/* End PBXProject section */

/* Begin PBXResourcesBuildPhase section */
		86992EBF2BA40C3E00322DC3 /* Resources */ = {
			isa = PBXResourcesBuildPhase;
			buildActionMask = 2147483647;
			files = (
				86992ED12BA40C4000322DC3 /* LaunchScreen.storyboard in Resources */,
				86992ECE2BA40C4000322DC3 /* Assets.xcassets in Resources */,
			);
			runOnlyForDeploymentPostprocessing = 0;
		};
/* End PBXResourcesBuildPhase section */

/* Begin PBXSourcesBuildPhase section */
		86992EBD2BA40C3E00322DC3 /* Sources */ = {
			isa = PBXSourcesBuildPhase;
			buildActionMask = 2147483647;
			files = (
				86992F4F2BA813F100322DC3 /* LeftoverStep.swift in Sources */,
				86992EF92BA4257800322DC3 /* Entities.swift in Sources */,
				86992F2B2BA6D9FD00322DC3 /* AppSteps.swift in Sources */,
				86992EF72BA4256D00322DC3 /* Services.swift in Sources */,
				86992F2F2BA6DB6700322DC3 /* AppFlow.swift in Sources */,
				86992F2D2BA6DA5300322DC3 /* AppStepper.swift in Sources */,
				86992F332BA6DEB600322DC3 /* TestViewModel.swift in Sources */,
				86992EC92BA40C3E00322DC3 /* ViewController.swift in Sources */,
				86992EC52BA40C3E00322DC3 /* AppDelegate.swift in Sources */,
				86992F3A2BA6E47300322DC3 /* DetailViewModel.swift in Sources */,
				86992F312BA6DD9C00322DC3 /* LeftoverFlow.swift in Sources */,
				86992F352BA6DF1900322DC3 /* DetailViewController.swift in Sources */,
				86992EFB2BA4258000322DC3 /* ViewModels.swift in Sources */,
				86992EC72BA40C3E00322DC3 /* SceneDelegate.swift in Sources */,
			);
			runOnlyForDeploymentPostprocessing = 0;
		};
/* End PBXSourcesBuildPhase section */

/* Begin PBXVariantGroup section */
		86992ECF2BA40C4000322DC3 /* LaunchScreen.storyboard */ = {
			isa = PBXVariantGroup;
			children = (
				86992ED02BA40C4000322DC3 /* Base */,
			);
			name = LaunchScreen.storyboard;
			sourceTree = "<group>";
		};
/* End PBXVariantGroup section */

/* Begin XCBuildConfiguration section */
		86992ED32BA40C4000322DC3 /* Debug */ = {
			isa = XCBuildConfiguration;
			buildSettings = {
				ALWAYS_SEARCH_USER_PATHS = NO;
				ASSETCATALOG_COMPILER_GENERATE_SWIFT_ASSET_SYMBOL_EXTENSIONS = YES;
				CLANG_ANALYZER_NONNULL = YES;
				CLANG_ANALYZER_NUMBER_OBJECT_CONVERSION = YES_AGGRESSIVE;
				CLANG_CXX_LANGUAGE_STANDARD = "gnu++20";
				CLANG_ENABLE_MODULES = YES;
				CLANG_ENABLE_OBJC_ARC = YES;
				CLANG_ENABLE_OBJC_WEAK = YES;
				CLANG_WARN_BLOCK_CAPTURE_AUTORELEASING = YES;
				CLANG_WARN_BOOL_CONVERSION = YES;
				CLANG_WARN_COMMA = YES;
				CLANG_WARN_CONSTANT_CONVERSION = YES;
				CLANG_WARN_DEPRECATED_OBJC_IMPLEMENTATIONS = YES;
				CLANG_WARN_DIRECT_OBJC_ISA_USAGE = YES_ERROR;
				CLANG_WARN_DOCUMENTATION_COMMENTS = YES;
				CLANG_WARN_EMPTY_BODY = YES;
				CLANG_WARN_ENUM_CONVERSION = YES;
				CLANG_WARN_INFINITE_RECURSION = YES;
				CLANG_WARN_INT_CONVERSION = YES;
				CLANG_WARN_NON_LITERAL_NULL_CONVERSION = YES;
				CLANG_WARN_OBJC_IMPLICIT_RETAIN_SELF = YES;
				CLANG_WARN_OBJC_LITERAL_CONVERSION = YES;
				CLANG_WARN_OBJC_ROOT_CLASS = YES_ERROR;
				CLANG_WARN_QUOTED_INCLUDE_IN_FRAMEWORK_HEADER = YES;
				CLANG_WARN_RANGE_LOOP_ANALYSIS = YES;
				CLANG_WARN_STRICT_PROTOTYPES = YES;
				CLANG_WARN_SUSPICIOUS_MOVE = YES;
				CLANG_WARN_UNGUARDED_AVAILABILITY = YES_AGGRESSIVE;
				CLANG_WARN_UNREACHABLE_CODE = YES;
				CLANG_WARN__DUPLICATE_METHOD_MATCH = YES;
				COPY_PHASE_STRIP = NO;
				DEBUG_INFORMATION_FORMAT = dwarf;
				ENABLE_STRICT_OBJC_MSGSEND = YES;
				ENABLE_TESTABILITY = YES;
				ENABLE_USER_SCRIPT_SANDBOXING = YES;
				GCC_C_LANGUAGE_STANDARD = gnu17;
				GCC_DYNAMIC_NO_PIC = NO;
				GCC_NO_COMMON_BLOCKS = YES;
				GCC_OPTIMIZATION_LEVEL = 0;
				GCC_PREPROCESSOR_DEFINITIONS = (
					"DEBUG=1",
					"$(inherited)",
				);
				GCC_WARN_64_TO_32_BIT_CONVERSION = YES;
				GCC_WARN_ABOUT_RETURN_TYPE = YES_ERROR;
				GCC_WARN_UNDECLARED_SELECTOR = YES;
				GCC_WARN_UNINITIALIZED_AUTOS = YES_AGGRESSIVE;
				GCC_WARN_UNUSED_FUNCTION = YES;
				GCC_WARN_UNUSED_VARIABLE = YES;
				IPHONEOS_DEPLOYMENT_TARGET = 17.0;
				LOCALIZATION_PREFERS_STRING_CATALOGS = YES;
				MTL_ENABLE_DEBUG_INFO = INCLUDE_SOURCE;
				MTL_FAST_MATH = YES;
				ONLY_ACTIVE_ARCH = YES;
				SDKROOT = iphoneos;
				SWIFT_ACTIVE_COMPILATION_CONDITIONS = "DEBUG $(inherited)";
				SWIFT_OPTIMIZATION_LEVEL = "-Onone";
			};
			name = Debug;
		};
		86992ED42BA40C4000322DC3 /* Release */ = {
			isa = XCBuildConfiguration;
			buildSettings = {
				ALWAYS_SEARCH_USER_PATHS = NO;
				ASSETCATALOG_COMPILER_GENERATE_SWIFT_ASSET_SYMBOL_EXTENSIONS = YES;
				CLANG_ANALYZER_NONNULL = YES;
				CLANG_ANALYZER_NUMBER_OBJECT_CONVERSION = YES_AGGRESSIVE;
				CLANG_CXX_LANGUAGE_STANDARD = "gnu++20";
				CLANG_ENABLE_MODULES = YES;
				CLANG_ENABLE_OBJC_ARC = YES;
				CLANG_ENABLE_OBJC_WEAK = YES;
				CLANG_WARN_BLOCK_CAPTURE_AUTORELEASING = YES;
				CLANG_WARN_BOOL_CONVERSION = YES;
				CLANG_WARN_COMMA = YES;
				CLANG_WARN_CONSTANT_CONVERSION = YES;
				CLANG_WARN_DEPRECATED_OBJC_IMPLEMENTATIONS = YES;
				CLANG_WARN_DIRECT_OBJC_ISA_USAGE = YES_ERROR;
				CLANG_WARN_DOCUMENTATION_COMMENTS = YES;
				CLANG_WARN_EMPTY_BODY = YES;
				CLANG_WARN_ENUM_CONVERSION = YES;
				CLANG_WARN_INFINITE_RECURSION = YES;
				CLANG_WARN_INT_CONVERSION = YES;
				CLANG_WARN_NON_LITERAL_NULL_CONVERSION = YES;
				CLANG_WARN_OBJC_IMPLICIT_RETAIN_SELF = YES;
				CLANG_WARN_OBJC_LITERAL_CONVERSION = YES;
				CLANG_WARN_OBJC_ROOT_CLASS = YES_ERROR;
				CLANG_WARN_QUOTED_INCLUDE_IN_FRAMEWORK_HEADER = YES;
				CLANG_WARN_RANGE_LOOP_ANALYSIS = YES;
				CLANG_WARN_STRICT_PROTOTYPES = YES;
				CLANG_WARN_SUSPICIOUS_MOVE = YES;
				CLANG_WARN_UNGUARDED_AVAILABILITY = YES_AGGRESSIVE;
				CLANG_WARN_UNREACHABLE_CODE = YES;
				CLANG_WARN__DUPLICATE_METHOD_MATCH = YES;
				COPY_PHASE_STRIP = NO;
				DEBUG_INFORMATION_FORMAT = "dwarf-with-dsym";
				ENABLE_NS_ASSERTIONS = NO;
				ENABLE_STRICT_OBJC_MSGSEND = YES;
				ENABLE_USER_SCRIPT_SANDBOXING = YES;
				GCC_C_LANGUAGE_STANDARD = gnu17;
				GCC_NO_COMMON_BLOCKS = YES;
				GCC_WARN_64_TO_32_BIT_CONVERSION = YES;
				GCC_WARN_ABOUT_RETURN_TYPE = YES_ERROR;
				GCC_WARN_UNDECLARED_SELECTOR = YES;
				GCC_WARN_UNINITIALIZED_AUTOS = YES_AGGRESSIVE;
				GCC_WARN_UNUSED_FUNCTION = YES;
				GCC_WARN_UNUSED_VARIABLE = YES;
				IPHONEOS_DEPLOYMENT_TARGET = 17.0;
				LOCALIZATION_PREFERS_STRING_CATALOGS = YES;
				MTL_ENABLE_DEBUG_INFO = NO;
				MTL_FAST_MATH = YES;
				SDKROOT = iphoneos;
				SWIFT_COMPILATION_MODE = wholemodule;
				VALIDATE_PRODUCT = YES;
			};
			name = Release;
		};
		86992ED62BA40C4000322DC3 /* Debug */ = {
			isa = XCBuildConfiguration;
			buildSettings = {
				ASSETCATALOG_COMPILER_APPICON_NAME = AppIcon;
				ASSETCATALOG_COMPILER_GLOBAL_ACCENT_COLOR_NAME = AccentColor;
				CODE_SIGN_STYLE = Automatic;
				CURRENT_PROJECT_VERSION = 1;
				GENERATE_INFOPLIST_FILE = YES;
				INFOPLIST_FILE = Dinner/Info.plist;
				INFOPLIST_KEY_UIApplicationSupportsIndirectInputEvents = YES;
				INFOPLIST_KEY_UILaunchStoryboardName = LaunchScreen;
				INFOPLIST_KEY_UIMainStoryboardFile = "";
				INFOPLIST_KEY_UISupportedInterfaceOrientations_iPad = "UIInterfaceOrientationPortrait UIInterfaceOrientationPortraitUpsideDown UIInterfaceOrientationLandscapeLeft UIInterfaceOrientationLandscapeRight";
				INFOPLIST_KEY_UISupportedInterfaceOrientations_iPhone = "UIInterfaceOrientationPortrait UIInterfaceOrientationLandscapeLeft UIInterfaceOrientationLandscapeRight";
				LD_RUNPATH_SEARCH_PATHS = (
					"$(inherited)",
					"@executable_path/Frameworks",
				);
				MARKETING_VERSION = 1.0;
				PRODUCT_BUNDLE_IDENTIFIER = abctest.TestProject;
				PRODUCT_NAME = "$(TARGET_NAME)";
				SWIFT_EMIT_LOC_STRINGS = YES;
				SWIFT_VERSION = 5.0;
				TARGETED_DEVICE_FAMILY = "1,2";
			};
			name = Debug;
		};
		86992ED72BA40C4000322DC3 /* Release */ = {
			isa = XCBuildConfiguration;
			buildSettings = {
				ASSETCATALOG_COMPILER_APPICON_NAME = AppIcon;
				ASSETCATALOG_COMPILER_GLOBAL_ACCENT_COLOR_NAME = AccentColor;
				CODE_SIGN_STYLE = Automatic;
				CURRENT_PROJECT_VERSION = 1;
				GENERATE_INFOPLIST_FILE = YES;
				INFOPLIST_FILE = Dinner/Info.plist;
				INFOPLIST_KEY_UIApplicationSupportsIndirectInputEvents = YES;
				INFOPLIST_KEY_UILaunchStoryboardName = LaunchScreen;
				INFOPLIST_KEY_UIMainStoryboardFile = "";
				INFOPLIST_KEY_UISupportedInterfaceOrientations_iPad = "UIInterfaceOrientationPortrait UIInterfaceOrientationPortraitUpsideDown UIInterfaceOrientationLandscapeLeft UIInterfaceOrientationLandscapeRight";
				INFOPLIST_KEY_UISupportedInterfaceOrientations_iPhone = "UIInterfaceOrientationPortrait UIInterfaceOrientationLandscapeLeft UIInterfaceOrientationLandscapeRight";
				LD_RUNPATH_SEARCH_PATHS = (
					"$(inherited)",
					"@executable_path/Frameworks",
				);
				MARKETING_VERSION = 1.0;
				PRODUCT_BUNDLE_IDENTIFIER = abctest.TestProject;
				PRODUCT_NAME = "$(TARGET_NAME)";
				SWIFT_EMIT_LOC_STRINGS = YES;
				SWIFT_VERSION = 5.0;
				TARGETED_DEVICE_FAMILY = "1,2";
			};
			name = Release;
		};
/* End XCBuildConfiguration section */

/* Begin XCConfigurationList section */
		86992EBC2BA40C3E00322DC3 /* Build configuration list for PBXProject "Dinner" */ = {
			isa = XCConfigurationList;
			buildConfigurations = (
				86992ED32BA40C4000322DC3 /* Debug */,
				86992ED42BA40C4000322DC3 /* Release */,
			);
			defaultConfigurationIsVisible = 0;
			defaultConfigurationName = Release;
		};
		86992ED52BA40C4000322DC3 /* Build configuration list for PBXNativeTarget "Dinner" */ = {
			isa = XCConfigurationList;
			buildConfigurations = (
				86992ED62BA40C4000322DC3 /* Debug */,
				86992ED72BA40C4000322DC3 /* Release */,
			);
			defaultConfigurationIsVisible = 0;
			defaultConfigurationName = Release;
		};
/* End XCConfigurationList section */

/* Begin XCRemoteSwiftPackageReference section */
		86992ED82BA4211600322DC3 /* XCRemoteSwiftPackageReference "SnapKit" */ = {
			isa = XCRemoteSwiftPackageReference;
			repositoryURL = "https://github.com/SnapKit/SnapKit.git";
			requirement = {
				kind = upToNextMajorVersion;
				minimumVersion = 5.7.1;
			};
		};
		86992EDD2BA4213300322DC3 /* XCRemoteSwiftPackageReference "RxSwift" */ = {
			isa = XCRemoteSwiftPackageReference;
			repositoryURL = "https://github.com/ReactiveX/RxSwift.git";
			requirement = {
				kind = upToNextMajorVersion;
				minimumVersion = 6.6.0;
			};
		};
		86992EE82BA4214400322DC3 /* XCRemoteSwiftPackageReference "OpenAI" */ = {
			isa = XCRemoteSwiftPackageReference;
			repositoryURL = "https://github.com/MacPaw/OpenAI.git";
			requirement = {
				kind = upToNextMajorVersion;
				minimumVersion = 0.2.6;
			};
		};
		86992EEB2BA4220800322DC3 /* XCRemoteSwiftPackageReference "RxFlow" */ = {
			isa = XCRemoteSwiftPackageReference;
			repositoryURL = "https://github.com/RxSwiftCommunity/RxFlow.git";
			requirement = {
				kind = upToNextMajorVersion;
				minimumVersion = 2.13.0;
			};
		};
		86992F362BA6E42900322DC3 /* XCRemoteSwiftPackageReference "Then" */ = {
			isa = XCRemoteSwiftPackageReference;
			repositoryURL = "https://github.com/devxoul/Then";
			requirement = {
				kind = upToNextMajorVersion;
				minimumVersion = 3.0.0;
			};
		};
		86992F4A2BA7058A00322DC3 /* XCRemoteSwiftPackageReference "Reusable" */ = {
			isa = XCRemoteSwiftPackageReference;
			repositoryURL = "https://github.com/AliSoftware/Reusable.git";
			requirement = {
				kind = upToNextMajorVersion;
				minimumVersion = 4.1.2;
			};
		};
/* End XCRemoteSwiftPackageReference section */

/* Begin XCSwiftPackageProductDependency section */
		86992ED92BA4211600322DC3 /* SnapKit */ = {
			isa = XCSwiftPackageProductDependency;
			package = 86992ED82BA4211600322DC3 /* XCRemoteSwiftPackageReference "SnapKit" */;
			productName = SnapKit;
		};
		86992EDB2BA4211600322DC3 /* SnapKit-Dynamic */ = {
			isa = XCSwiftPackageProductDependency;
			package = 86992ED82BA4211600322DC3 /* XCRemoteSwiftPackageReference "SnapKit" */;
			productName = "SnapKit-Dynamic";
		};
		86992EDE2BA4213300322DC3 /* RxBlocking */ = {
			isa = XCSwiftPackageProductDependency;
			package = 86992EDD2BA4213300322DC3 /* XCRemoteSwiftPackageReference "RxSwift" */;
			productName = RxBlocking;
		};
		86992EE02BA4213300322DC3 /* RxBlocking-Dynamic */ = {
			isa = XCSwiftPackageProductDependency;
			package = 86992EDD2BA4213300322DC3 /* XCRemoteSwiftPackageReference "RxSwift" */;
			productName = "RxBlocking-Dynamic";
		};
		86992EE22BA4213300322DC3 /* RxCocoa */ = {
			isa = XCSwiftPackageProductDependency;
			package = 86992EDD2BA4213300322DC3 /* XCRemoteSwiftPackageReference "RxSwift" */;
			productName = RxCocoa;
		};
		86992EE42BA4213300322DC3 /* RxCocoa-Dynamic */ = {
			isa = XCSwiftPackageProductDependency;
			package = 86992EDD2BA4213300322DC3 /* XCRemoteSwiftPackageReference "RxSwift" */;
			productName = "RxCocoa-Dynamic";
		};
		86992EE62BA4213300322DC3 /* RxRelay */ = {
			isa = XCSwiftPackageProductDependency;
			package = 86992EDD2BA4213300322DC3 /* XCRemoteSwiftPackageReference "RxSwift" */;
			productName = RxRelay;
		};
		86992EE92BA4214400322DC3 /* OpenAI */ = {
			isa = XCSwiftPackageProductDependency;
			package = 86992EE82BA4214400322DC3 /* XCRemoteSwiftPackageReference "OpenAI" */;
			productName = OpenAI;
		};
		86992EEC2BA4220800322DC3 /* RxFlow */ = {
			isa = XCSwiftPackageProductDependency;
			package = 86992EEB2BA4220800322DC3 /* XCRemoteSwiftPackageReference "RxFlow" */;
			productName = RxFlow;
		};
		86992F372BA6E42900322DC3 /* Then */ = {
			isa = XCSwiftPackageProductDependency;
			package = 86992F362BA6E42900322DC3 /* XCRemoteSwiftPackageReference "Then" */;
			productName = Then;
		};
		86992F4B2BA7058A00322DC3 /* Reusable */ = {
			isa = XCSwiftPackageProductDependency;
			package = 86992F4A2BA7058A00322DC3 /* XCRemoteSwiftPackageReference "Reusable" */;
			productName = Reusable;
		};
/* End XCSwiftPackageProductDependency section */
	};
	rootObject = 86992EB92BA40C3E00322DC3 /* Project object */;
}
